[[package]]
name = "result"
version = "0.7.0"
description = "A Rust-like result type for Python"
category = "main"
optional = false
python-versions = ">=3.6"

[metadata]
lock-version = "1.1"
python-versions = "^3.10"
content-hash = "6d118a8c57761630a4310a79bcdd43f6cdb74434567183694ff7466dd35268e0"

[metadata.files]
result = [
    {file = "result-0.7.0-py3-none-any.whl", hash = "sha256:97dcc4b2c6b376713c8de1b49d583a272e05ea2cd45e7fd18a3e8be42fc9fa6f"},
    {file = "result-0.7.0.tar.gz", hash = "sha256:bd649435fbf457de32e5e941d63d787c21193b126d48c848458ddda1683de980"},
]
